<Solution>
  <Folder Name="/src/">
    <Project Path="src/SaaSify.Api/SaaSify.Api.csproj" />
    <Project Path="src/SaaSify.Application/SaaSify.Application.csproj" />
    <Project Path="src/SaaSify.Domain/SaaSify.Domain.csproj" />
    <Project Path="src/SaaSify.Infrastructure/SaaSify.Infrastructure.csproj" />
  </Folder>
  <Folder Name="/tests/">
    <Project Path="tests/SaaSify.Tests/SaaSify.Tests.csproj" />
  </Folder>
</Solution>
